
Microsoft Visual Studio Solution File, Format Version 12.00
# Visual Studio Version 16
VisualStudioVersion = 16.0.30709.132
MinimumVisualStudioVersion = 10.0.40219.1
Project("{9A19103F-16F7-4668-BE54-9A1E7A4F7556}") = "GrpcService1", "GrpcService1\GrpcService1.csproj", "{0C29EB02-7FDB-4218-9187-4E8AB4783C7C}"
EndProject
Project("{9A19103F-16F7-4668-BE54-9A1E7A4F7556}") = "GrpcClient", "GrpcClient\GrpcClient.csproj", "{84577C3F-3C99-4D4C-B48C-7E83C3F9E59F}"
EndProject
Project("{FAE04EC0-301F-11D3-BF4B-00C04F79EFBC}") = "WebApiService", "WebApiService\WebApiService.csproj", "{46F55F88-BAE3-47B1-A020-4C6627E96BCD}"
EndProject
Global
	GlobalSection(SolutionConfigurationPlatforms) = preSolution
		Debug|Any CPU = Debug|Any CPU
		Release|Any CPU = Release|Any CPU
	EndGlobalSection
	GlobalSection(ProjectConfigurationPlatforms) = postSolution
		{0C29EB02-7FDB-4218-9187-4E8AB4783C7C}.Debug|Any CPU.ActiveCfg = Debug|Any CPU
		{0C29EB02-7FDB-4218-9187-4E8AB4783C7C}.Debug|Any CPU.Build.0 = Debug|Any CPU
		{0C29EB02-7FDB-4218-9187-4E8AB4783C7C}.Release|Any CPU.ActiveCfg = Release|Any CPU
		{0C29EB02-7FDB-4218-9187-4E8AB4783C7C}.Release|Any CPU.Build.0 = Release|Any CPU
		{84577C3F-3C99-4D4C-B48C-7E83C3F9E59F}.Debug|Any CPU.ActiveCfg = Debug|Any CPU
		{84577C3F-3C99-4D4C-B48C-7E83C3F9E59F}.Debug|Any CPU.Build.0 = Debug|Any CPU
		{84577C3F-3C99-4D4C-B48C-7E83C3F9E59F}.Release|Any CPU.ActiveCfg = Release|Any CPU
		{84577C3F-3C99-4D4C-B48C-7E83C3F9E59F}.Release|Any CPU.Build.0 = Release|Any CPU
		{46F55F88-BAE3-47B1-A020-4C6627E96BCD}.Debug|Any CPU.ActiveCfg = Debug|Any CPU
		{46F55F88-BAE3-47B1-A020-4C6627E96BCD}.Debug|Any CPU.Build.0 = Debug|Any CPU
		{46F55F88-BAE3-47B1-A020-4C6627E96BCD}.Release|Any CPU.ActiveCfg = Release|Any CPU
		{46F55F88-BAE3-47B1-A020-4C6627E96BCD}.Release|Any CPU.Build.0 = Release|Any CPU
	EndGlobalSection
	GlobalSection(SolutionProperties) = preSolution
		HideSolutionNode = FALSE
	EndGlobalSection
	GlobalSection(ExtensibilityGlobals) = postSolution
		SolutionGuid = {4DEDE2E4-D50A-4DD2-BD44-8C298960DA36}
	EndGlobalSection
EndGlobal
